
Microsoft Visual Studio Solution File, Format Version 12.00
# Visual Studio Version 17
VisualStudioVersion = 17.0.31903.59
MinimumVisualStudioVersion = 10.0.40219.1
Project("{F2A71F9B-5D33-465A-A702-920D77279786}") = "day-01-part-1", "day-01-part-1\day-01-part-1.fsproj", "{8014A723-75B3-4694-9F5E-7C64B8C650FF}"
EndProject
Project("{F2A71F9B-5D33-465A-A702-920D77279786}") = "day-01-part-2", "day-01-part-2\day-01-part-2.fsproj", "{2CF48BF6-5094-4155-90A1-5CE46D124FA2}"
EndProject
Project("{F2A71F9B-5D33-465A-A702-920D77279786}") = "day-02-part-1", "day-02-part-1\day-02-part-1.fsproj", "{94A11ABF-BAA2-472A-9046-843626DDE4E8}"
EndProject
Project("{F2A71F9B-5D33-465A-A702-920D77279786}") = "day-02-part-2", "day-02-part-2\day-02-part-2.fsproj", "{43498A7B-034C-4BE9-8619-75333418E976}"
EndProject
Project("{F2A71F9B-5D33-465A-A702-920D77279786}") = "day-03-part-1", "day-03-part-1\day-03-part-1.fsproj", "{48DC72D3-366F-4146-9C12-1D03EEB995CA}"
EndProject
Project("{F2A71F9B-5D33-465A-A702-920D77279786}") = "day-03-part-2", "day-03-part-2\day-03-part-2.fsproj", "{91E49ECB-0BD5-46CE-AFDB-DA8CDFC700BE}"
EndProject
Project("{F2A71F9B-5D33-465A-A702-920D77279786}") = "day-04-part-1", "day-04-part-1\day-04-part-1.fsproj", "{4D525F0F-7723-4A4F-B0C3-926780CE6620}"
EndProject
Project("{F2A71F9B-5D33-465A-A702-920D77279786}") = "day-04-part-2", "day-04-part-2\day-04-part-2.fsproj", "{6C3ADC79-AF10-4562-A19B-7FA93CD8844E}"
EndProject
Project("{F2A71F9B-5D33-465A-A702-920D77279786}") = "day-05-part-1", "day-05-part-1\day-05-part-1.fsproj", "{ABBB4809-5A8E-4EE8-8823-C5B2630F95FE}"
EndProject
Project("{F2A71F9B-5D33-465A-A702-920D77279786}") = "day-05-part-2", "day-05-part-2\day-05-part-2.fsproj", "{F9197C77-3020-4687-9F63-7798F522B5BD}"
EndProject
Project("{F2A71F9B-5D33-465A-A702-920D77279786}") = "day-06-part-1", "day-06-part-1\day-06-part-1.fsproj", "{90FF880F-7192-4A75-ADC7-CEB3E8303764}"
EndProject
Project("{F2A71F9B-5D33-465A-A702-920D77279786}") = "day-06-part-2", "day-06-part-2\day-06-part-2.fsproj", "{10559ACD-AAF6-4215-9D91-BB9C2EB18C3B}"
EndProject
Global
	GlobalSection(SolutionConfigurationPlatforms) = preSolution
		Debug|Any CPU = Debug|Any CPU
		Release|Any CPU = Release|Any CPU
	EndGlobalSection
	GlobalSection(SolutionProperties) = preSolution
		HideSolutionNode = FALSE
	EndGlobalSection
	GlobalSection(ProjectConfigurationPlatforms) = postSolution
		{8014A723-75B3-4694-9F5E-7C64B8C650FF}.Debug|Any CPU.ActiveCfg = Debug|Any CPU
		{8014A723-75B3-4694-9F5E-7C64B8C650FF}.Debug|Any CPU.Build.0 = Debug|Any CPU
		{8014A723-75B3-4694-9F5E-7C64B8C650FF}.Release|Any CPU.ActiveCfg = Release|Any CPU
		{8014A723-75B3-4694-9F5E-7C64B8C650FF}.Release|Any CPU.Build.0 = Release|Any CPU
		{2CF48BF6-5094-4155-90A1-5CE46D124FA2}.Debug|Any CPU.ActiveCfg = Debug|Any CPU
		{2CF48BF6-5094-4155-90A1-5CE46D124FA2}.Debug|Any CPU.Build.0 = Debug|Any CPU
		{2CF48BF6-5094-4155-90A1-5CE46D124FA2}.Release|Any CPU.ActiveCfg = Release|Any CPU
		{2CF48BF6-5094-4155-90A1-5CE46D124FA2}.Release|Any CPU.Build.0 = Release|Any CPU
		{94A11ABF-BAA2-472A-9046-843626DDE4E8}.Debug|Any CPU.ActiveCfg = Debug|Any CPU
		{94A11ABF-BAA2-472A-9046-843626DDE4E8}.Debug|Any CPU.Build.0 = Debug|Any CPU
		{94A11ABF-BAA2-472A-9046-843626DDE4E8}.Release|Any CPU.ActiveCfg = Release|Any CPU
		{94A11ABF-BAA2-472A-9046-843626DDE4E8}.Release|Any CPU.Build.0 = Release|Any CPU
		{43498A7B-034C-4BE9-8619-75333418E976}.Debug|Any CPU.ActiveCfg = Debug|Any CPU
		{43498A7B-034C-4BE9-8619-75333418E976}.Debug|Any CPU.Build.0 = Debug|Any CPU
		{43498A7B-034C-4BE9-8619-75333418E976}.Release|Any CPU.ActiveCfg = Release|Any CPU
		{43498A7B-034C-4BE9-8619-75333418E976}.Release|Any CPU.Build.0 = Release|Any CPU
		{48DC72D3-366F-4146-9C12-1D03EEB995CA}.Debug|Any CPU.ActiveCfg = Debug|Any CPU
		{48DC72D3-366F-4146-9C12-1D03EEB995CA}.Debug|Any CPU.Build.0 = Debug|Any CPU
		{48DC72D3-366F-4146-9C12-1D03EEB995CA}.Release|Any CPU.ActiveCfg = Release|Any CPU
		{48DC72D3-366F-4146-9C12-1D03EEB995CA}.Release|Any CPU.Build.0 = Release|Any CPU
		{91E49ECB-0BD5-46CE-AFDB-DA8CDFC700BE}.Debug|Any CPU.ActiveCfg = Debug|Any CPU
		{91E49ECB-0BD5-46CE-AFDB-DA8CDFC700BE}.Debug|Any CPU.Build.0 = Debug|Any CPU
		{91E49ECB-0BD5-46CE-AFDB-DA8CDFC700BE}.Release|Any CPU.ActiveCfg = Release|Any CPU
		{91E49ECB-0BD5-46CE-AFDB-DA8CDFC700BE}.Release|Any CPU.Build.0 = Release|Any CPU
		{4D525F0F-7723-4A4F-B0C3-926780CE6620}.Debug|Any CPU.ActiveCfg = Debug|Any CPU
		{4D525F0F-7723-4A4F-B0C3-926780CE6620}.Debug|Any CPU.Build.0 = Debug|Any CPU
		{4D525F0F-7723-4A4F-B0C3-926780CE6620}.Release|Any CPU.ActiveCfg = Release|Any CPU
		{4D525F0F-7723-4A4F-B0C3-926780CE6620}.Release|Any CPU.Build.0 = Release|Any CPU
		{6C3ADC79-AF10-4562-A19B-7FA93CD8844E}.Debug|Any CPU.ActiveCfg = Debug|Any CPU
		{6C3ADC79-AF10-4562-A19B-7FA93CD8844E}.Debug|Any CPU.Build.0 = Debug|Any CPU
		{6C3ADC79-AF10-4562-A19B-7FA93CD8844E}.Release|Any CPU.ActiveCfg = Release|Any CPU
		{6C3ADC79-AF10-4562-A19B-7FA93CD8844E}.Release|Any CPU.Build.0 = Release|Any CPU
		{ABBB4809-5A8E-4EE8-8823-C5B2630F95FE}.Debug|Any CPU.ActiveCfg = Debug|Any CPU
		{ABBB4809-5A8E-4EE8-8823-C5B2630F95FE}.Debug|Any CPU.Build.0 = Debug|Any CPU
		{ABBB4809-5A8E-4EE8-8823-C5B2630F95FE}.Release|Any CPU.ActiveCfg = Release|Any CPU
		{ABBB4809-5A8E-4EE8-8823-C5B2630F95FE}.Release|Any CPU.Build.0 = Release|Any CPU
		{F9197C77-3020-4687-9F63-7798F522B5BD}.Debug|Any CPU.ActiveCfg = Debug|Any CPU
		{F9197C77-3020-4687-9F63-7798F522B5BD}.Debug|Any CPU.Build.0 = Debug|Any CPU
		{F9197C77-3020-4687-9F63-7798F522B5BD}.Release|Any CPU.ActiveCfg = Release|Any CPU
		{F9197C77-3020-4687-9F63-7798F522B5BD}.Release|Any CPU.Build.0 = Release|Any CPU
		{90FF880F-7192-4A75-ADC7-CEB3E8303764}.Debug|Any CPU.ActiveCfg = Debug|Any CPU
		{90FF880F-7192-4A75-ADC7-CEB3E8303764}.Debug|Any CPU.Build.0 = Debug|Any CPU
		{90FF880F-7192-4A75-ADC7-CEB3E8303764}.Release|Any CPU.ActiveCfg = Release|Any CPU
		{90FF880F-7192-4A75-ADC7-CEB3E8303764}.Release|Any CPU.Build.0 = Release|Any CPU
		{10559ACD-AAF6-4215-9D91-BB9C2EB18C3B}.Debug|Any CPU.ActiveCfg = Debug|Any CPU
		{10559ACD-AAF6-4215-9D91-BB9C2EB18C3B}.Debug|Any CPU.Build.0 = Debug|Any CPU
		{10559ACD-AAF6-4215-9D91-BB9C2EB18C3B}.Release|Any CPU.ActiveCfg = Release|Any CPU
		{10559ACD-AAF6-4215-9D91-BB9C2EB18C3B}.Release|Any CPU.Build.0 = Release|Any CPU
	EndGlobalSection
EndGlobal
