
Microsoft Visual Studio Solution File, Format Version 12.00
# Visual Studio Version 17
VisualStudioVersion = 17.0.31903.59
MinimumVisualStudioVersion = 10.0.40219.1
Project("{F2A71F9B-5D33-465A-A702-920D77279786}") = "day-01-part-1", "day-01-part-1\day-01-part-1.fsproj", "{8014A723-75B3-4694-9F5E-7C64B8C650FF}"
EndProject
Project("{F2A71F9B-5D33-465A-A702-920D77279786}") = "day-01-part-2", "day-01-part-2\day-01-part-2.fsproj", "{2CF48BF6-5094-4155-90A1-5CE46D124FA2}"
EndProject
Project("{F2A71F9B-5D33-465A-A702-920D77279786}") = "day-02-part-1", "day-02-part-1\day-02-part-1.fsproj", "{94A11ABF-BAA2-472A-9046-843626DDE4E8}"
EndProject
Project("{F2A71F9B-5D33-465A-A702-920D77279786}") = "day-02-part-2", "day-02-part-2\day-02-part-2.fsproj", "{43498A7B-034C-4BE9-8619-75333418E976}"
EndProject
Global
	GlobalSection(SolutionConfigurationPlatforms) = preSolution
		Debug|Any CPU = Debug|Any CPU
		Release|Any CPU = Release|Any CPU
	EndGlobalSection
	GlobalSection(SolutionProperties) = preSolution
		HideSolutionNode = FALSE
	EndGlobalSection
	GlobalSection(ProjectConfigurationPlatforms) = postSolution
		{8014A723-75B3-4694-9F5E-7C64B8C650FF}.Debug|Any CPU.ActiveCfg = Debug|Any CPU
		{8014A723-75B3-4694-9F5E-7C64B8C650FF}.Debug|Any CPU.Build.0 = Debug|Any CPU
		{8014A723-75B3-4694-9F5E-7C64B8C650FF}.Release|Any CPU.ActiveCfg = Release|Any CPU
		{8014A723-75B3-4694-9F5E-7C64B8C650FF}.Release|Any CPU.Build.0 = Release|Any CPU
		{2CF48BF6-5094-4155-90A1-5CE46D124FA2}.Debug|Any CPU.ActiveCfg = Debug|Any CPU
		{2CF48BF6-5094-4155-90A1-5CE46D124FA2}.Debug|Any CPU.Build.0 = Debug|Any CPU
		{2CF48BF6-5094-4155-90A1-5CE46D124FA2}.Release|Any CPU.ActiveCfg = Release|Any CPU
		{2CF48BF6-5094-4155-90A1-5CE46D124FA2}.Release|Any CPU.Build.0 = Release|Any CPU
		{94A11ABF-BAA2-472A-9046-843626DDE4E8}.Debug|Any CPU.ActiveCfg = Debug|Any CPU
		{94A11ABF-BAA2-472A-9046-843626DDE4E8}.Debug|Any CPU.Build.0 = Debug|Any CPU
		{94A11ABF-BAA2-472A-9046-843626DDE4E8}.Release|Any CPU.ActiveCfg = Release|Any CPU
		{94A11ABF-BAA2-472A-9046-843626DDE4E8}.Release|Any CPU.Build.0 = Release|Any CPU
		{43498A7B-034C-4BE9-8619-75333418E976}.Debug|Any CPU.ActiveCfg = Debug|Any CPU
		{43498A7B-034C-4BE9-8619-75333418E976}.Debug|Any CPU.Build.0 = Debug|Any CPU
		{43498A7B-034C-4BE9-8619-75333418E976}.Release|Any CPU.ActiveCfg = Release|Any CPU
		{43498A7B-034C-4BE9-8619-75333418E976}.Release|Any CPU.Build.0 = Release|Any CPU
	EndGlobalSection
EndGlobal
