
Microsoft Visual Studio Solution File, Format Version 12.00
# Visual Studio Version 17
VisualStudioVersion = 17.0.31903.59
MinimumVisualStudioVersion = 10.0.40219.1
Project("{F2A71F9B-5D33-465A-A702-920D77279786}") = "day-01-part-1", "day-01-part-1\day-01-part-1.fsproj", "{8014A723-75B3-4694-9F5E-7C64B8C650FF}"
EndProject
Project("{F2A71F9B-5D33-465A-A702-920D77279786}") = "day-01-part-2", "day-01-part-2\day-01-part-2.fsproj", "{2CF48BF6-5094-4155-90A1-5CE46D124FA2}"
EndProject
Project("{F2A71F9B-5D33-465A-A702-920D77279786}") = "day-02-part-1", "day-02-part-1\day-02-part-1.fsproj", "{94A11ABF-BAA2-472A-9046-843626DDE4E8}"
EndProject
Project("{F2A71F9B-5D33-465A-A702-920D77279786}") = "day-02-part-2", "day-02-part-2\day-02-part-2.fsproj", "{43498A7B-034C-4BE9-8619-75333418E976}"
EndProject
Project("{F2A71F9B-5D33-465A-A702-920D77279786}") = "day-03-part-1", "day-03-part-1\day-03-part-1.fsproj", "{48DC72D3-366F-4146-9C12-1D03EEB995CA}"
EndProject
Project("{F2A71F9B-5D33-465A-A702-920D77279786}") = "day-03-part-2", "day-03-part-2\day-03-part-2.fsproj", "{91E49ECB-0BD5-46CE-AFDB-DA8CDFC700BE}"
EndProject
Project("{F2A71F9B-5D33-465A-A702-920D77279786}") = "day-04-part-1", "day-04-part-1\day-04-part-1.fsproj", "{4D525F0F-7723-4A4F-B0C3-926780CE6620}"
EndProject
Project("{F2A71F9B-5D33-465A-A702-920D77279786}") = "day-04-part-2", "day-04-part-2\day-04-part-2.fsproj", "{6C3ADC79-AF10-4562-A19B-7FA93CD8844E}"
EndProject
Project("{F2A71F9B-5D33-465A-A702-920D77279786}") = "day-05-part-1", "day-05-part-1\day-05-part-1.fsproj", "{ABBB4809-5A8E-4EE8-8823-C5B2630F95FE}"
EndProject
Project("{F2A71F9B-5D33-465A-A702-920D77279786}") = "day-05-part-2", "day-05-part-2\day-05-part-2.fsproj", "{F9197C77-3020-4687-9F63-7798F522B5BD}"
EndProject
Project("{F2A71F9B-5D33-465A-A702-920D77279786}") = "day-06-part-1", "day-06-part-1\day-06-part-1.fsproj", "{90FF880F-7192-4A75-ADC7-CEB3E8303764}"
EndProject
Project("{F2A71F9B-5D33-465A-A702-920D77279786}") = "day-06-part-2", "day-06-part-2\day-06-part-2.fsproj", "{10559ACD-AAF6-4215-9D91-BB9C2EB18C3B}"
EndProject
Project("{F2A71F9B-5D33-465A-A702-920D77279786}") = "day-07-part-1", "day-07-part-1\day-07-part-1.fsproj", "{72DD560A-62B7-491C-B905-9249D07E52EB}"
EndProject
Project("{F2A71F9B-5D33-465A-A702-920D77279786}") = "day-07-part-2", "day-07-part-2\day-07-part-2.fsproj", "{5A047FB6-1E39-43BA-AC49-D84192114763}"
EndProject
Project("{F2A71F9B-5D33-465A-A702-920D77279786}") = "day-08-part-1", "day-08-part-1\day-08-part-1.fsproj", "{D23BE960-41AE-48F1-A48E-5338D00F4571}"
EndProject
Project("{F2A71F9B-5D33-465A-A702-920D77279786}") = "day-08-part-2", "day-08-part-2\day-08-part-2.fsproj", "{644D0123-6970-43B0-893C-4B7A817855DE}"
EndProject
Project("{F2A71F9B-5D33-465A-A702-920D77279786}") = "day-09-part-1", "day-09-part-1\day-09-part-1.fsproj", "{F039FFE5-537A-4918-BDB0-D9819A6BC2D3}"
EndProject
Project("{F2A71F9B-5D33-465A-A702-920D77279786}") = "day-09-part-2", "day-09-part-2\day-09-part-2.fsproj", "{FD57D8F2-12F0-4649-B7BC-93CC7DE64E4D}"
EndProject
Project("{F2A71F9B-5D33-465A-A702-920D77279786}") = "day-10-part-1", "day-10-part-1\day-10-part-1.fsproj", "{8261CAD3-298A-48BA-93DD-8C376F4DA7E1}"
EndProject
Project("{F2A71F9B-5D33-465A-A702-920D77279786}") = "day-10-part-2", "day-10-part-2\day-10-part-2.fsproj", "{A0E54B89-71C1-49A3-B967-A95A4BF8DF0D}"
EndProject
Project("{F2A71F9B-5D33-465A-A702-920D77279786}") = "day-11-part-1", "day-11-part-1\day-11-part-1.fsproj", "{C19BA91B-824D-4EA5-8C55-26D5252A4860}"
EndProject
Project("{F2A71F9B-5D33-465A-A702-920D77279786}") = "day-11-part-2", "day-11-part-2\day-11-part-2.fsproj", "{F7C35A49-1E3F-46F8-B25B-0D5DA2EF121C}"
EndProject
Project("{F2A71F9B-5D33-465A-A702-920D77279786}") = "common", "common\common.fsproj", "{D2B89C20-E75A-4BFD-99AC-1E9233C7FBC0}"
EndProject
Project("{F2A71F9B-5D33-465A-A702-920D77279786}") = "day-12-part-1", "day-12-part-1\day-12-part-1.fsproj", "{864A8813-7BBF-4D0D-B2C4-E4860AB0C71F}"
EndProject
Project("{F2A71F9B-5D33-465A-A702-920D77279786}") = "day-12-part-2", "day-12-part-2\day-12-part-2.fsproj", "{DF1688E4-FACF-4080-9955-6538D9D9BBB6}"
EndProject
Project("{F2A71F9B-5D33-465A-A702-920D77279786}") = "day-13-part-1", "day-13-part-1\day-13-part-1.fsproj", "{343EEAD0-DA77-48DB-9F3E-7F329643D136}"
EndProject
Project("{F2A71F9B-5D33-465A-A702-920D77279786}") = "day-13-part-2", "day-13-part-2\day-13-part-2.fsproj", "{FA584F64-A01F-44C3-8756-DD5FDB2877F1}"
EndProject
Project("{F2A71F9B-5D33-465A-A702-920D77279786}") = "day-14-part-1", "day-14-part-1\day-14-part-1.fsproj", "{3DAB4AEB-735D-4DFD-84AB-E5D462E80F92}"
EndProject
Project("{F2A71F9B-5D33-465A-A702-920D77279786}") = "day-14-part-2", "day-14-part-2\day-14-part-2.fsproj", "{4369BFEC-2728-44FB-947F-95CE22DDC653}"
EndProject
Project("{F2A71F9B-5D33-465A-A702-920D77279786}") = "day-15-part-1", "day-15-part-1\day-15-part-1.fsproj", "{8EF4A77E-B5AC-48A9-A175-E2267367E8BB}"
EndProject
Project("{F2A71F9B-5D33-465A-A702-920D77279786}") = "day-15-part-2", "day-15-part-2\day-15-part-2.fsproj", "{C6F92324-3246-4929-AA5C-6E93F944B684}"
EndProject
Project("{F2A71F9B-5D33-465A-A702-920D77279786}") = "day-16-part-1", "day-16-part-1\day-16-part-1.fsproj", "{1CCD53A3-8FCC-4AE4-A3A5-833777D0D0FB}"
EndProject
Project("{F2A71F9B-5D33-465A-A702-920D77279786}") = "day-16-part-2", "day-16-part-2\day-16-part-2.fsproj", "{4487F5AB-1FE4-4CA4-8620-D6E12374491F}"
EndProject
Project("{F2A71F9B-5D33-465A-A702-920D77279786}") = "day-17-part-1", "day-17-part-1\day-17-part-1.fsproj", "{B86B7A0C-903D-4868-A442-706C7A499EAA}"
EndProject
Project("{F2A71F9B-5D33-465A-A702-920D77279786}") = "day-17-part-2", "day-17-part-2\day-17-part-2.fsproj", "{027926D8-243A-4689-877C-FD44392745FE}"
EndProject
Project("{F2A71F9B-5D33-465A-A702-920D77279786}") = "day-18-part-1", "day-18-part-1\day-18-part-1.fsproj", "{EC0CD966-E2B8-4C4D-8C92-A9CD2E23FEC4}"
EndProject
Project("{F2A71F9B-5D33-465A-A702-920D77279786}") = "day-18-part-2", "day-18-part-2\day-18-part-2.fsproj", "{D8C6DCD9-E59F-4E0E-B78C-2B91F6385DA3}"
EndProject
Project("{F2A71F9B-5D33-465A-A702-920D77279786}") = "day-19-part-1", "day-19-part-1\day-19-part-1.fsproj", "{A4E508DB-E072-41E9-BA29-D1D212392B65}"
EndProject
Project("{F2A71F9B-5D33-465A-A702-920D77279786}") = "day-19-part-2", "day-19-part-2\day-19-part-2.fsproj", "{17FED526-3753-40A9-A11B-6DCFFBF791A1}"
EndProject
Project("{F2A71F9B-5D33-465A-A702-920D77279786}") = "day-20-part-1", "day-20-part-1\day-20-part-1.fsproj", "{CF7130E9-EC26-4D46-8DB5-02CF7FB5ECD1}"
EndProject
Project("{F2A71F9B-5D33-465A-A702-920D77279786}") = "day-20-part-2", "day-20-part-2\day-20-part-2.fsproj", "{A774D102-C1AB-4625-ADDC-40D240AC4C0E}"
EndProject
Project("{F2A71F9B-5D33-465A-A702-920D77279786}") = "day-21-part-1", "day-21-part-1\day-21-part-1.fsproj", "{F41226E6-4B86-4CD8-B378-D5D0CB3EB7CF}"
EndProject
Project("{F2A71F9B-5D33-465A-A702-920D77279786}") = "day-21-part-2", "day-21-part-2\day-21-part-2.fsproj", "{FB6C2FF9-F62A-4FB9-96DD-934BAA62B71B}"
EndProject
Global
	GlobalSection(SolutionConfigurationPlatforms) = preSolution
		Debug|Any CPU = Debug|Any CPU
		Debug|x64 = Debug|x64
		Debug|x86 = Debug|x86
		Release|Any CPU = Release|Any CPU
		Release|x64 = Release|x64
		Release|x86 = Release|x86
	EndGlobalSection
	GlobalSection(ProjectConfigurationPlatforms) = postSolution
		{8014A723-75B3-4694-9F5E-7C64B8C650FF}.Debug|Any CPU.ActiveCfg = Debug|Any CPU
		{8014A723-75B3-4694-9F5E-7C64B8C650FF}.Debug|Any CPU.Build.0 = Debug|Any CPU
		{8014A723-75B3-4694-9F5E-7C64B8C650FF}.Debug|x64.ActiveCfg = Debug|Any CPU
		{8014A723-75B3-4694-9F5E-7C64B8C650FF}.Debug|x64.Build.0 = Debug|Any CPU
		{8014A723-75B3-4694-9F5E-7C64B8C650FF}.Debug|x86.ActiveCfg = Debug|Any CPU
		{8014A723-75B3-4694-9F5E-7C64B8C650FF}.Debug|x86.Build.0 = Debug|Any CPU
		{8014A723-75B3-4694-9F5E-7C64B8C650FF}.Release|Any CPU.ActiveCfg = Release|Any CPU
		{8014A723-75B3-4694-9F5E-7C64B8C650FF}.Release|Any CPU.Build.0 = Release|Any CPU
		{8014A723-75B3-4694-9F5E-7C64B8C650FF}.Release|x64.ActiveCfg = Release|Any CPU
		{8014A723-75B3-4694-9F5E-7C64B8C650FF}.Release|x64.Build.0 = Release|Any CPU
		{8014A723-75B3-4694-9F5E-7C64B8C650FF}.Release|x86.ActiveCfg = Release|Any CPU
		{8014A723-75B3-4694-9F5E-7C64B8C650FF}.Release|x86.Build.0 = Release|Any CPU
		{2CF48BF6-5094-4155-90A1-5CE46D124FA2}.Debug|Any CPU.ActiveCfg = Debug|Any CPU
		{2CF48BF6-5094-4155-90A1-5CE46D124FA2}.Debug|Any CPU.Build.0 = Debug|Any CPU
		{2CF48BF6-5094-4155-90A1-5CE46D124FA2}.Debug|x64.ActiveCfg = Debug|Any CPU
		{2CF48BF6-5094-4155-90A1-5CE46D124FA2}.Debug|x64.Build.0 = Debug|Any CPU
		{2CF48BF6-5094-4155-90A1-5CE46D124FA2}.Debug|x86.ActiveCfg = Debug|Any CPU
		{2CF48BF6-5094-4155-90A1-5CE46D124FA2}.Debug|x86.Build.0 = Debug|Any CPU
		{2CF48BF6-5094-4155-90A1-5CE46D124FA2}.Release|Any CPU.ActiveCfg = Release|Any CPU
		{2CF48BF6-5094-4155-90A1-5CE46D124FA2}.Release|Any CPU.Build.0 = Release|Any CPU
		{2CF48BF6-5094-4155-90A1-5CE46D124FA2}.Release|x64.ActiveCfg = Release|Any CPU
		{2CF48BF6-5094-4155-90A1-5CE46D124FA2}.Release|x64.Build.0 = Release|Any CPU
		{2CF48BF6-5094-4155-90A1-5CE46D124FA2}.Release|x86.ActiveCfg = Release|Any CPU
		{2CF48BF6-5094-4155-90A1-5CE46D124FA2}.Release|x86.Build.0 = Release|Any CPU
		{94A11ABF-BAA2-472A-9046-843626DDE4E8}.Debug|Any CPU.ActiveCfg = Debug|Any CPU
		{94A11ABF-BAA2-472A-9046-843626DDE4E8}.Debug|Any CPU.Build.0 = Debug|Any CPU
		{94A11ABF-BAA2-472A-9046-843626DDE4E8}.Debug|x64.ActiveCfg = Debug|Any CPU
		{94A11ABF-BAA2-472A-9046-843626DDE4E8}.Debug|x64.Build.0 = Debug|Any CPU
		{94A11ABF-BAA2-472A-9046-843626DDE4E8}.Debug|x86.ActiveCfg = Debug|Any CPU
		{94A11ABF-BAA2-472A-9046-843626DDE4E8}.Debug|x86.Build.0 = Debug|Any CPU
		{94A11ABF-BAA2-472A-9046-843626DDE4E8}.Release|Any CPU.ActiveCfg = Release|Any CPU
		{94A11ABF-BAA2-472A-9046-843626DDE4E8}.Release|Any CPU.Build.0 = Release|Any CPU
		{94A11ABF-BAA2-472A-9046-843626DDE4E8}.Release|x64.ActiveCfg = Release|Any CPU
		{94A11ABF-BAA2-472A-9046-843626DDE4E8}.Release|x64.Build.0 = Release|Any CPU
		{94A11ABF-BAA2-472A-9046-843626DDE4E8}.Release|x86.ActiveCfg = Release|Any CPU
		{94A11ABF-BAA2-472A-9046-843626DDE4E8}.Release|x86.Build.0 = Release|Any CPU
		{43498A7B-034C-4BE9-8619-75333418E976}.Debug|Any CPU.ActiveCfg = Debug|Any CPU
		{43498A7B-034C-4BE9-8619-75333418E976}.Debug|Any CPU.Build.0 = Debug|Any CPU
		{43498A7B-034C-4BE9-8619-75333418E976}.Debug|x64.ActiveCfg = Debug|Any CPU
		{43498A7B-034C-4BE9-8619-75333418E976}.Debug|x64.Build.0 = Debug|Any CPU
		{43498A7B-034C-4BE9-8619-75333418E976}.Debug|x86.ActiveCfg = Debug|Any CPU
		{43498A7B-034C-4BE9-8619-75333418E976}.Debug|x86.Build.0 = Debug|Any CPU
		{43498A7B-034C-4BE9-8619-75333418E976}.Release|Any CPU.ActiveCfg = Release|Any CPU
		{43498A7B-034C-4BE9-8619-75333418E976}.Release|Any CPU.Build.0 = Release|Any CPU
		{43498A7B-034C-4BE9-8619-75333418E976}.Release|x64.ActiveCfg = Release|Any CPU
		{43498A7B-034C-4BE9-8619-75333418E976}.Release|x64.Build.0 = Release|Any CPU
		{43498A7B-034C-4BE9-8619-75333418E976}.Release|x86.ActiveCfg = Release|Any CPU
		{43498A7B-034C-4BE9-8619-75333418E976}.Release|x86.Build.0 = Release|Any CPU
		{48DC72D3-366F-4146-9C12-1D03EEB995CA}.Debug|Any CPU.ActiveCfg = Debug|Any CPU
		{48DC72D3-366F-4146-9C12-1D03EEB995CA}.Debug|Any CPU.Build.0 = Debug|Any CPU
		{48DC72D3-366F-4146-9C12-1D03EEB995CA}.Debug|x64.ActiveCfg = Debug|Any CPU
		{48DC72D3-366F-4146-9C12-1D03EEB995CA}.Debug|x64.Build.0 = Debug|Any CPU
		{48DC72D3-366F-4146-9C12-1D03EEB995CA}.Debug|x86.ActiveCfg = Debug|Any CPU
		{48DC72D3-366F-4146-9C12-1D03EEB995CA}.Debug|x86.Build.0 = Debug|Any CPU
		{48DC72D3-366F-4146-9C12-1D03EEB995CA}.Release|Any CPU.ActiveCfg = Release|Any CPU
		{48DC72D3-366F-4146-9C12-1D03EEB995CA}.Release|Any CPU.Build.0 = Release|Any CPU
		{48DC72D3-366F-4146-9C12-1D03EEB995CA}.Release|x64.ActiveCfg = Release|Any CPU
		{48DC72D3-366F-4146-9C12-1D03EEB995CA}.Release|x64.Build.0 = Release|Any CPU
		{48DC72D3-366F-4146-9C12-1D03EEB995CA}.Release|x86.ActiveCfg = Release|Any CPU
		{48DC72D3-366F-4146-9C12-1D03EEB995CA}.Release|x86.Build.0 = Release|Any CPU
		{91E49ECB-0BD5-46CE-AFDB-DA8CDFC700BE}.Debug|Any CPU.ActiveCfg = Debug|Any CPU
		{91E49ECB-0BD5-46CE-AFDB-DA8CDFC700BE}.Debug|Any CPU.Build.0 = Debug|Any CPU
		{91E49ECB-0BD5-46CE-AFDB-DA8CDFC700BE}.Debug|x64.ActiveCfg = Debug|Any CPU
		{91E49ECB-0BD5-46CE-AFDB-DA8CDFC700BE}.Debug|x64.Build.0 = Debug|Any CPU
		{91E49ECB-0BD5-46CE-AFDB-DA8CDFC700BE}.Debug|x86.ActiveCfg = Debug|Any CPU
		{91E49ECB-0BD5-46CE-AFDB-DA8CDFC700BE}.Debug|x86.Build.0 = Debug|Any CPU
		{91E49ECB-0BD5-46CE-AFDB-DA8CDFC700BE}.Release|Any CPU.ActiveCfg = Release|Any CPU
		{91E49ECB-0BD5-46CE-AFDB-DA8CDFC700BE}.Release|Any CPU.Build.0 = Release|Any CPU
		{91E49ECB-0BD5-46CE-AFDB-DA8CDFC700BE}.Release|x64.ActiveCfg = Release|Any CPU
		{91E49ECB-0BD5-46CE-AFDB-DA8CDFC700BE}.Release|x64.Build.0 = Release|Any CPU
		{91E49ECB-0BD5-46CE-AFDB-DA8CDFC700BE}.Release|x86.ActiveCfg = Release|Any CPU
		{91E49ECB-0BD5-46CE-AFDB-DA8CDFC700BE}.Release|x86.Build.0 = Release|Any CPU
		{4D525F0F-7723-4A4F-B0C3-926780CE6620}.Debug|Any CPU.ActiveCfg = Debug|Any CPU
		{4D525F0F-7723-4A4F-B0C3-926780CE6620}.Debug|Any CPU.Build.0 = Debug|Any CPU
		{4D525F0F-7723-4A4F-B0C3-926780CE6620}.Debug|x64.ActiveCfg = Debug|Any CPU
		{4D525F0F-7723-4A4F-B0C3-926780CE6620}.Debug|x64.Build.0 = Debug|Any CPU
		{4D525F0F-7723-4A4F-B0C3-926780CE6620}.Debug|x86.ActiveCfg = Debug|Any CPU
		{4D525F0F-7723-4A4F-B0C3-926780CE6620}.Debug|x86.Build.0 = Debug|Any CPU
		{4D525F0F-7723-4A4F-B0C3-926780CE6620}.Release|Any CPU.ActiveCfg = Release|Any CPU
		{4D525F0F-7723-4A4F-B0C3-926780CE6620}.Release|Any CPU.Build.0 = Release|Any CPU
		{4D525F0F-7723-4A4F-B0C3-926780CE6620}.Release|x64.ActiveCfg = Release|Any CPU
		{4D525F0F-7723-4A4F-B0C3-926780CE6620}.Release|x64.Build.0 = Release|Any CPU
		{4D525F0F-7723-4A4F-B0C3-926780CE6620}.Release|x86.ActiveCfg = Release|Any CPU
		{4D525F0F-7723-4A4F-B0C3-926780CE6620}.Release|x86.Build.0 = Release|Any CPU
		{6C3ADC79-AF10-4562-A19B-7FA93CD8844E}.Debug|Any CPU.ActiveCfg = Debug|Any CPU
		{6C3ADC79-AF10-4562-A19B-7FA93CD8844E}.Debug|Any CPU.Build.0 = Debug|Any CPU
		{6C3ADC79-AF10-4562-A19B-7FA93CD8844E}.Debug|x64.ActiveCfg = Debug|Any CPU
		{6C3ADC79-AF10-4562-A19B-7FA93CD8844E}.Debug|x64.Build.0 = Debug|Any CPU
		{6C3ADC79-AF10-4562-A19B-7FA93CD8844E}.Debug|x86.ActiveCfg = Debug|Any CPU
		{6C3ADC79-AF10-4562-A19B-7FA93CD8844E}.Debug|x86.Build.0 = Debug|Any CPU
		{6C3ADC79-AF10-4562-A19B-7FA93CD8844E}.Release|Any CPU.ActiveCfg = Release|Any CPU
		{6C3ADC79-AF10-4562-A19B-7FA93CD8844E}.Release|Any CPU.Build.0 = Release|Any CPU
		{6C3ADC79-AF10-4562-A19B-7FA93CD8844E}.Release|x64.ActiveCfg = Release|Any CPU
		{6C3ADC79-AF10-4562-A19B-7FA93CD8844E}.Release|x64.Build.0 = Release|Any CPU
		{6C3ADC79-AF10-4562-A19B-7FA93CD8844E}.Release|x86.ActiveCfg = Release|Any CPU
		{6C3ADC79-AF10-4562-A19B-7FA93CD8844E}.Release|x86.Build.0 = Release|Any CPU
		{ABBB4809-5A8E-4EE8-8823-C5B2630F95FE}.Debug|Any CPU.ActiveCfg = Debug|Any CPU
		{ABBB4809-5A8E-4EE8-8823-C5B2630F95FE}.Debug|Any CPU.Build.0 = Debug|Any CPU
		{ABBB4809-5A8E-4EE8-8823-C5B2630F95FE}.Debug|x64.ActiveCfg = Debug|Any CPU
		{ABBB4809-5A8E-4EE8-8823-C5B2630F95FE}.Debug|x64.Build.0 = Debug|Any CPU
		{ABBB4809-5A8E-4EE8-8823-C5B2630F95FE}.Debug|x86.ActiveCfg = Debug|Any CPU
		{ABBB4809-5A8E-4EE8-8823-C5B2630F95FE}.Debug|x86.Build.0 = Debug|Any CPU
		{ABBB4809-5A8E-4EE8-8823-C5B2630F95FE}.Release|Any CPU.ActiveCfg = Release|Any CPU
		{ABBB4809-5A8E-4EE8-8823-C5B2630F95FE}.Release|Any CPU.Build.0 = Release|Any CPU
		{ABBB4809-5A8E-4EE8-8823-C5B2630F95FE}.Release|x64.ActiveCfg = Release|Any CPU
		{ABBB4809-5A8E-4EE8-8823-C5B2630F95FE}.Release|x64.Build.0 = Release|Any CPU
		{ABBB4809-5A8E-4EE8-8823-C5B2630F95FE}.Release|x86.ActiveCfg = Release|Any CPU
		{ABBB4809-5A8E-4EE8-8823-C5B2630F95FE}.Release|x86.Build.0 = Release|Any CPU
		{F9197C77-3020-4687-9F63-7798F522B5BD}.Debug|Any CPU.ActiveCfg = Debug|Any CPU
		{F9197C77-3020-4687-9F63-7798F522B5BD}.Debug|Any CPU.Build.0 = Debug|Any CPU
		{F9197C77-3020-4687-9F63-7798F522B5BD}.Debug|x64.ActiveCfg = Debug|Any CPU
		{F9197C77-3020-4687-9F63-7798F522B5BD}.Debug|x64.Build.0 = Debug|Any CPU
		{F9197C77-3020-4687-9F63-7798F522B5BD}.Debug|x86.ActiveCfg = Debug|Any CPU
		{F9197C77-3020-4687-9F63-7798F522B5BD}.Debug|x86.Build.0 = Debug|Any CPU
		{F9197C77-3020-4687-9F63-7798F522B5BD}.Release|Any CPU.ActiveCfg = Release|Any CPU
		{F9197C77-3020-4687-9F63-7798F522B5BD}.Release|Any CPU.Build.0 = Release|Any CPU
		{F9197C77-3020-4687-9F63-7798F522B5BD}.Release|x64.ActiveCfg = Release|Any CPU
		{F9197C77-3020-4687-9F63-7798F522B5BD}.Release|x64.Build.0 = Release|Any CPU
		{F9197C77-3020-4687-9F63-7798F522B5BD}.Release|x86.ActiveCfg = Release|Any CPU
		{F9197C77-3020-4687-9F63-7798F522B5BD}.Release|x86.Build.0 = Release|Any CPU
		{90FF880F-7192-4A75-ADC7-CEB3E8303764}.Debug|Any CPU.ActiveCfg = Debug|Any CPU
		{90FF880F-7192-4A75-ADC7-CEB3E8303764}.Debug|Any CPU.Build.0 = Debug|Any CPU
		{90FF880F-7192-4A75-ADC7-CEB3E8303764}.Debug|x64.ActiveCfg = Debug|Any CPU
		{90FF880F-7192-4A75-ADC7-CEB3E8303764}.Debug|x64.Build.0 = Debug|Any CPU
		{90FF880F-7192-4A75-ADC7-CEB3E8303764}.Debug|x86.ActiveCfg = Debug|Any CPU
		{90FF880F-7192-4A75-ADC7-CEB3E8303764}.Debug|x86.Build.0 = Debug|Any CPU
		{90FF880F-7192-4A75-ADC7-CEB3E8303764}.Release|Any CPU.ActiveCfg = Release|Any CPU
		{90FF880F-7192-4A75-ADC7-CEB3E8303764}.Release|Any CPU.Build.0 = Release|Any CPU
		{90FF880F-7192-4A75-ADC7-CEB3E8303764}.Release|x64.ActiveCfg = Release|Any CPU
		{90FF880F-7192-4A75-ADC7-CEB3E8303764}.Release|x64.Build.0 = Release|Any CPU
		{90FF880F-7192-4A75-ADC7-CEB3E8303764}.Release|x86.ActiveCfg = Release|Any CPU
		{90FF880F-7192-4A75-ADC7-CEB3E8303764}.Release|x86.Build.0 = Release|Any CPU
		{10559ACD-AAF6-4215-9D91-BB9C2EB18C3B}.Debug|Any CPU.ActiveCfg = Debug|Any CPU
		{10559ACD-AAF6-4215-9D91-BB9C2EB18C3B}.Debug|Any CPU.Build.0 = Debug|Any CPU
		{10559ACD-AAF6-4215-9D91-BB9C2EB18C3B}.Debug|x64.ActiveCfg = Debug|Any CPU
		{10559ACD-AAF6-4215-9D91-BB9C2EB18C3B}.Debug|x64.Build.0 = Debug|Any CPU
		{10559ACD-AAF6-4215-9D91-BB9C2EB18C3B}.Debug|x86.ActiveCfg = Debug|Any CPU
		{10559ACD-AAF6-4215-9D91-BB9C2EB18C3B}.Debug|x86.Build.0 = Debug|Any CPU
		{10559ACD-AAF6-4215-9D91-BB9C2EB18C3B}.Release|Any CPU.ActiveCfg = Release|Any CPU
		{10559ACD-AAF6-4215-9D91-BB9C2EB18C3B}.Release|Any CPU.Build.0 = Release|Any CPU
		{10559ACD-AAF6-4215-9D91-BB9C2EB18C3B}.Release|x64.ActiveCfg = Release|Any CPU
		{10559ACD-AAF6-4215-9D91-BB9C2EB18C3B}.Release|x64.Build.0 = Release|Any CPU
		{10559ACD-AAF6-4215-9D91-BB9C2EB18C3B}.Release|x86.ActiveCfg = Release|Any CPU
		{10559ACD-AAF6-4215-9D91-BB9C2EB18C3B}.Release|x86.Build.0 = Release|Any CPU
		{72DD560A-62B7-491C-B905-9249D07E52EB}.Debug|Any CPU.ActiveCfg = Debug|Any CPU
		{72DD560A-62B7-491C-B905-9249D07E52EB}.Debug|Any CPU.Build.0 = Debug|Any CPU
		{72DD560A-62B7-491C-B905-9249D07E52EB}.Debug|x64.ActiveCfg = Debug|Any CPU
		{72DD560A-62B7-491C-B905-9249D07E52EB}.Debug|x64.Build.0 = Debug|Any CPU
		{72DD560A-62B7-491C-B905-9249D07E52EB}.Debug|x86.ActiveCfg = Debug|Any CPU
		{72DD560A-62B7-491C-B905-9249D07E52EB}.Debug|x86.Build.0 = Debug|Any CPU
		{72DD560A-62B7-491C-B905-9249D07E52EB}.Release|Any CPU.ActiveCfg = Release|Any CPU
		{72DD560A-62B7-491C-B905-9249D07E52EB}.Release|Any CPU.Build.0 = Release|Any CPU
		{72DD560A-62B7-491C-B905-9249D07E52EB}.Release|x64.ActiveCfg = Release|Any CPU
		{72DD560A-62B7-491C-B905-9249D07E52EB}.Release|x64.Build.0 = Release|Any CPU
		{72DD560A-62B7-491C-B905-9249D07E52EB}.Release|x86.ActiveCfg = Release|Any CPU
		{72DD560A-62B7-491C-B905-9249D07E52EB}.Release|x86.Build.0 = Release|Any CPU
		{5A047FB6-1E39-43BA-AC49-D84192114763}.Debug|Any CPU.ActiveCfg = Debug|Any CPU
		{5A047FB6-1E39-43BA-AC49-D84192114763}.Debug|Any CPU.Build.0 = Debug|Any CPU
		{5A047FB6-1E39-43BA-AC49-D84192114763}.Debug|x64.ActiveCfg = Debug|Any CPU
		{5A047FB6-1E39-43BA-AC49-D84192114763}.Debug|x64.Build.0 = Debug|Any CPU
		{5A047FB6-1E39-43BA-AC49-D84192114763}.Debug|x86.ActiveCfg = Debug|Any CPU
		{5A047FB6-1E39-43BA-AC49-D84192114763}.Debug|x86.Build.0 = Debug|Any CPU
		{5A047FB6-1E39-43BA-AC49-D84192114763}.Release|Any CPU.ActiveCfg = Release|Any CPU
		{5A047FB6-1E39-43BA-AC49-D84192114763}.Release|Any CPU.Build.0 = Release|Any CPU
		{5A047FB6-1E39-43BA-AC49-D84192114763}.Release|x64.ActiveCfg = Release|Any CPU
		{5A047FB6-1E39-43BA-AC49-D84192114763}.Release|x64.Build.0 = Release|Any CPU
		{5A047FB6-1E39-43BA-AC49-D84192114763}.Release|x86.ActiveCfg = Release|Any CPU
		{5A047FB6-1E39-43BA-AC49-D84192114763}.Release|x86.Build.0 = Release|Any CPU
		{D23BE960-41AE-48F1-A48E-5338D00F4571}.Debug|Any CPU.ActiveCfg = Debug|Any CPU
		{D23BE960-41AE-48F1-A48E-5338D00F4571}.Debug|Any CPU.Build.0 = Debug|Any CPU
		{D23BE960-41AE-48F1-A48E-5338D00F4571}.Debug|x64.ActiveCfg = Debug|Any CPU
		{D23BE960-41AE-48F1-A48E-5338D00F4571}.Debug|x64.Build.0 = Debug|Any CPU
		{D23BE960-41AE-48F1-A48E-5338D00F4571}.Debug|x86.ActiveCfg = Debug|Any CPU
		{D23BE960-41AE-48F1-A48E-5338D00F4571}.Debug|x86.Build.0 = Debug|Any CPU
		{D23BE960-41AE-48F1-A48E-5338D00F4571}.Release|Any CPU.ActiveCfg = Release|Any CPU
		{D23BE960-41AE-48F1-A48E-5338D00F4571}.Release|Any CPU.Build.0 = Release|Any CPU
		{D23BE960-41AE-48F1-A48E-5338D00F4571}.Release|x64.ActiveCfg = Release|Any CPU
		{D23BE960-41AE-48F1-A48E-5338D00F4571}.Release|x64.Build.0 = Release|Any CPU
		{D23BE960-41AE-48F1-A48E-5338D00F4571}.Release|x86.ActiveCfg = Release|Any CPU
		{D23BE960-41AE-48F1-A48E-5338D00F4571}.Release|x86.Build.0 = Release|Any CPU
		{644D0123-6970-43B0-893C-4B7A817855DE}.Debug|Any CPU.ActiveCfg = Debug|Any CPU
		{644D0123-6970-43B0-893C-4B7A817855DE}.Debug|Any CPU.Build.0 = Debug|Any CPU
		{644D0123-6970-43B0-893C-4B7A817855DE}.Debug|x64.ActiveCfg = Debug|Any CPU
		{644D0123-6970-43B0-893C-4B7A817855DE}.Debug|x64.Build.0 = Debug|Any CPU
		{644D0123-6970-43B0-893C-4B7A817855DE}.Debug|x86.ActiveCfg = Debug|Any CPU
		{644D0123-6970-43B0-893C-4B7A817855DE}.Debug|x86.Build.0 = Debug|Any CPU
		{644D0123-6970-43B0-893C-4B7A817855DE}.Release|Any CPU.ActiveCfg = Release|Any CPU
		{644D0123-6970-43B0-893C-4B7A817855DE}.Release|Any CPU.Build.0 = Release|Any CPU
		{644D0123-6970-43B0-893C-4B7A817855DE}.Release|x64.ActiveCfg = Release|Any CPU
		{644D0123-6970-43B0-893C-4B7A817855DE}.Release|x64.Build.0 = Release|Any CPU
		{644D0123-6970-43B0-893C-4B7A817855DE}.Release|x86.ActiveCfg = Release|Any CPU
		{644D0123-6970-43B0-893C-4B7A817855DE}.Release|x86.Build.0 = Release|Any CPU
		{F039FFE5-537A-4918-BDB0-D9819A6BC2D3}.Debug|Any CPU.ActiveCfg = Debug|Any CPU
		{F039FFE5-537A-4918-BDB0-D9819A6BC2D3}.Debug|Any CPU.Build.0 = Debug|Any CPU
		{F039FFE5-537A-4918-BDB0-D9819A6BC2D3}.Debug|x64.ActiveCfg = Debug|Any CPU
		{F039FFE5-537A-4918-BDB0-D9819A6BC2D3}.Debug|x64.Build.0 = Debug|Any CPU
		{F039FFE5-537A-4918-BDB0-D9819A6BC2D3}.Debug|x86.ActiveCfg = Debug|Any CPU
		{F039FFE5-537A-4918-BDB0-D9819A6BC2D3}.Debug|x86.Build.0 = Debug|Any CPU
		{F039FFE5-537A-4918-BDB0-D9819A6BC2D3}.Release|Any CPU.ActiveCfg = Release|Any CPU
		{F039FFE5-537A-4918-BDB0-D9819A6BC2D3}.Release|Any CPU.Build.0 = Release|Any CPU
		{F039FFE5-537A-4918-BDB0-D9819A6BC2D3}.Release|x64.ActiveCfg = Release|Any CPU
		{F039FFE5-537A-4918-BDB0-D9819A6BC2D3}.Release|x64.Build.0 = Release|Any CPU
		{F039FFE5-537A-4918-BDB0-D9819A6BC2D3}.Release|x86.ActiveCfg = Release|Any CPU
		{F039FFE5-537A-4918-BDB0-D9819A6BC2D3}.Release|x86.Build.0 = Release|Any CPU
		{FD57D8F2-12F0-4649-B7BC-93CC7DE64E4D}.Debug|Any CPU.ActiveCfg = Debug|Any CPU
		{FD57D8F2-12F0-4649-B7BC-93CC7DE64E4D}.Debug|Any CPU.Build.0 = Debug|Any CPU
		{FD57D8F2-12F0-4649-B7BC-93CC7DE64E4D}.Debug|x64.ActiveCfg = Debug|Any CPU
		{FD57D8F2-12F0-4649-B7BC-93CC7DE64E4D}.Debug|x64.Build.0 = Debug|Any CPU
		{FD57D8F2-12F0-4649-B7BC-93CC7DE64E4D}.Debug|x86.ActiveCfg = Debug|Any CPU
		{FD57D8F2-12F0-4649-B7BC-93CC7DE64E4D}.Debug|x86.Build.0 = Debug|Any CPU
		{FD57D8F2-12F0-4649-B7BC-93CC7DE64E4D}.Release|Any CPU.ActiveCfg = Release|Any CPU
		{FD57D8F2-12F0-4649-B7BC-93CC7DE64E4D}.Release|Any CPU.Build.0 = Release|Any CPU
		{FD57D8F2-12F0-4649-B7BC-93CC7DE64E4D}.Release|x64.ActiveCfg = Release|Any CPU
		{FD57D8F2-12F0-4649-B7BC-93CC7DE64E4D}.Release|x64.Build.0 = Release|Any CPU
		{FD57D8F2-12F0-4649-B7BC-93CC7DE64E4D}.Release|x86.ActiveCfg = Release|Any CPU
		{FD57D8F2-12F0-4649-B7BC-93CC7DE64E4D}.Release|x86.Build.0 = Release|Any CPU
		{8261CAD3-298A-48BA-93DD-8C376F4DA7E1}.Debug|Any CPU.ActiveCfg = Debug|Any CPU
		{8261CAD3-298A-48BA-93DD-8C376F4DA7E1}.Debug|Any CPU.Build.0 = Debug|Any CPU
		{8261CAD3-298A-48BA-93DD-8C376F4DA7E1}.Debug|x64.ActiveCfg = Debug|Any CPU
		{8261CAD3-298A-48BA-93DD-8C376F4DA7E1}.Debug|x64.Build.0 = Debug|Any CPU
		{8261CAD3-298A-48BA-93DD-8C376F4DA7E1}.Debug|x86.ActiveCfg = Debug|Any CPU
		{8261CAD3-298A-48BA-93DD-8C376F4DA7E1}.Debug|x86.Build.0 = Debug|Any CPU
		{8261CAD3-298A-48BA-93DD-8C376F4DA7E1}.Release|Any CPU.ActiveCfg = Release|Any CPU
		{8261CAD3-298A-48BA-93DD-8C376F4DA7E1}.Release|Any CPU.Build.0 = Release|Any CPU
		{8261CAD3-298A-48BA-93DD-8C376F4DA7E1}.Release|x64.ActiveCfg = Release|Any CPU
		{8261CAD3-298A-48BA-93DD-8C376F4DA7E1}.Release|x64.Build.0 = Release|Any CPU
		{8261CAD3-298A-48BA-93DD-8C376F4DA7E1}.Release|x86.ActiveCfg = Release|Any CPU
		{8261CAD3-298A-48BA-93DD-8C376F4DA7E1}.Release|x86.Build.0 = Release|Any CPU
		{A0E54B89-71C1-49A3-B967-A95A4BF8DF0D}.Debug|Any CPU.ActiveCfg = Debug|Any CPU
		{A0E54B89-71C1-49A3-B967-A95A4BF8DF0D}.Debug|Any CPU.Build.0 = Debug|Any CPU
		{A0E54B89-71C1-49A3-B967-A95A4BF8DF0D}.Debug|x64.ActiveCfg = Debug|Any CPU
		{A0E54B89-71C1-49A3-B967-A95A4BF8DF0D}.Debug|x64.Build.0 = Debug|Any CPU
		{A0E54B89-71C1-49A3-B967-A95A4BF8DF0D}.Debug|x86.ActiveCfg = Debug|Any CPU
		{A0E54B89-71C1-49A3-B967-A95A4BF8DF0D}.Debug|x86.Build.0 = Debug|Any CPU
		{A0E54B89-71C1-49A3-B967-A95A4BF8DF0D}.Release|Any CPU.ActiveCfg = Release|Any CPU
		{A0E54B89-71C1-49A3-B967-A95A4BF8DF0D}.Release|Any CPU.Build.0 = Release|Any CPU
		{A0E54B89-71C1-49A3-B967-A95A4BF8DF0D}.Release|x64.ActiveCfg = Release|Any CPU
		{A0E54B89-71C1-49A3-B967-A95A4BF8DF0D}.Release|x64.Build.0 = Release|Any CPU
		{A0E54B89-71C1-49A3-B967-A95A4BF8DF0D}.Release|x86.ActiveCfg = Release|Any CPU
		{A0E54B89-71C1-49A3-B967-A95A4BF8DF0D}.Release|x86.Build.0 = Release|Any CPU
		{C19BA91B-824D-4EA5-8C55-26D5252A4860}.Debug|Any CPU.ActiveCfg = Debug|Any CPU
		{C19BA91B-824D-4EA5-8C55-26D5252A4860}.Debug|Any CPU.Build.0 = Debug|Any CPU
		{C19BA91B-824D-4EA5-8C55-26D5252A4860}.Debug|x64.ActiveCfg = Debug|Any CPU
		{C19BA91B-824D-4EA5-8C55-26D5252A4860}.Debug|x64.Build.0 = Debug|Any CPU
		{C19BA91B-824D-4EA5-8C55-26D5252A4860}.Debug|x86.ActiveCfg = Debug|Any CPU
		{C19BA91B-824D-4EA5-8C55-26D5252A4860}.Debug|x86.Build.0 = Debug|Any CPU
		{C19BA91B-824D-4EA5-8C55-26D5252A4860}.Release|Any CPU.ActiveCfg = Release|Any CPU
		{C19BA91B-824D-4EA5-8C55-26D5252A4860}.Release|Any CPU.Build.0 = Release|Any CPU
		{C19BA91B-824D-4EA5-8C55-26D5252A4860}.Release|x64.ActiveCfg = Release|Any CPU
		{C19BA91B-824D-4EA5-8C55-26D5252A4860}.Release|x64.Build.0 = Release|Any CPU
		{C19BA91B-824D-4EA5-8C55-26D5252A4860}.Release|x86.ActiveCfg = Release|Any CPU
		{C19BA91B-824D-4EA5-8C55-26D5252A4860}.Release|x86.Build.0 = Release|Any CPU
		{F7C35A49-1E3F-46F8-B25B-0D5DA2EF121C}.Debug|Any CPU.ActiveCfg = Debug|Any CPU
		{F7C35A49-1E3F-46F8-B25B-0D5DA2EF121C}.Debug|Any CPU.Build.0 = Debug|Any CPU
		{F7C35A49-1E3F-46F8-B25B-0D5DA2EF121C}.Debug|x64.ActiveCfg = Debug|Any CPU
		{F7C35A49-1E3F-46F8-B25B-0D5DA2EF121C}.Debug|x64.Build.0 = Debug|Any CPU
		{F7C35A49-1E3F-46F8-B25B-0D5DA2EF121C}.Debug|x86.ActiveCfg = Debug|Any CPU
		{F7C35A49-1E3F-46F8-B25B-0D5DA2EF121C}.Debug|x86.Build.0 = Debug|Any CPU
		{F7C35A49-1E3F-46F8-B25B-0D5DA2EF121C}.Release|Any CPU.ActiveCfg = Release|Any CPU
		{F7C35A49-1E3F-46F8-B25B-0D5DA2EF121C}.Release|Any CPU.Build.0 = Release|Any CPU
		{F7C35A49-1E3F-46F8-B25B-0D5DA2EF121C}.Release|x64.ActiveCfg = Release|Any CPU
		{F7C35A49-1E3F-46F8-B25B-0D5DA2EF121C}.Release|x64.Build.0 = Release|Any CPU
		{F7C35A49-1E3F-46F8-B25B-0D5DA2EF121C}.Release|x86.ActiveCfg = Release|Any CPU
		{F7C35A49-1E3F-46F8-B25B-0D5DA2EF121C}.Release|x86.Build.0 = Release|Any CPU
		{D2B89C20-E75A-4BFD-99AC-1E9233C7FBC0}.Debug|Any CPU.ActiveCfg = Debug|Any CPU
		{D2B89C20-E75A-4BFD-99AC-1E9233C7FBC0}.Debug|Any CPU.Build.0 = Debug|Any CPU
		{D2B89C20-E75A-4BFD-99AC-1E9233C7FBC0}.Debug|x64.ActiveCfg = Debug|Any CPU
		{D2B89C20-E75A-4BFD-99AC-1E9233C7FBC0}.Debug|x64.Build.0 = Debug|Any CPU
		{D2B89C20-E75A-4BFD-99AC-1E9233C7FBC0}.Debug|x86.ActiveCfg = Debug|Any CPU
		{D2B89C20-E75A-4BFD-99AC-1E9233C7FBC0}.Debug|x86.Build.0 = Debug|Any CPU
		{D2B89C20-E75A-4BFD-99AC-1E9233C7FBC0}.Release|Any CPU.ActiveCfg = Release|Any CPU
		{D2B89C20-E75A-4BFD-99AC-1E9233C7FBC0}.Release|Any CPU.Build.0 = Release|Any CPU
		{D2B89C20-E75A-4BFD-99AC-1E9233C7FBC0}.Release|x64.ActiveCfg = Release|Any CPU
		{D2B89C20-E75A-4BFD-99AC-1E9233C7FBC0}.Release|x64.Build.0 = Release|Any CPU
		{D2B89C20-E75A-4BFD-99AC-1E9233C7FBC0}.Release|x86.ActiveCfg = Release|Any CPU
		{D2B89C20-E75A-4BFD-99AC-1E9233C7FBC0}.Release|x86.Build.0 = Release|Any CPU
		{864A8813-7BBF-4D0D-B2C4-E4860AB0C71F}.Debug|Any CPU.ActiveCfg = Debug|Any CPU
		{864A8813-7BBF-4D0D-B2C4-E4860AB0C71F}.Debug|Any CPU.Build.0 = Debug|Any CPU
		{864A8813-7BBF-4D0D-B2C4-E4860AB0C71F}.Debug|x64.ActiveCfg = Debug|Any CPU
		{864A8813-7BBF-4D0D-B2C4-E4860AB0C71F}.Debug|x64.Build.0 = Debug|Any CPU
		{864A8813-7BBF-4D0D-B2C4-E4860AB0C71F}.Debug|x86.ActiveCfg = Debug|Any CPU
		{864A8813-7BBF-4D0D-B2C4-E4860AB0C71F}.Debug|x86.Build.0 = Debug|Any CPU
		{864A8813-7BBF-4D0D-B2C4-E4860AB0C71F}.Release|Any CPU.ActiveCfg = Release|Any CPU
		{864A8813-7BBF-4D0D-B2C4-E4860AB0C71F}.Release|Any CPU.Build.0 = Release|Any CPU
		{864A8813-7BBF-4D0D-B2C4-E4860AB0C71F}.Release|x64.ActiveCfg = Release|Any CPU
		{864A8813-7BBF-4D0D-B2C4-E4860AB0C71F}.Release|x64.Build.0 = Release|Any CPU
		{864A8813-7BBF-4D0D-B2C4-E4860AB0C71F}.Release|x86.ActiveCfg = Release|Any CPU
		{864A8813-7BBF-4D0D-B2C4-E4860AB0C71F}.Release|x86.Build.0 = Release|Any CPU
		{DF1688E4-FACF-4080-9955-6538D9D9BBB6}.Debug|Any CPU.ActiveCfg = Debug|Any CPU
		{DF1688E4-FACF-4080-9955-6538D9D9BBB6}.Debug|Any CPU.Build.0 = Debug|Any CPU
		{DF1688E4-FACF-4080-9955-6538D9D9BBB6}.Debug|x64.ActiveCfg = Debug|Any CPU
		{DF1688E4-FACF-4080-9955-6538D9D9BBB6}.Debug|x64.Build.0 = Debug|Any CPU
		{DF1688E4-FACF-4080-9955-6538D9D9BBB6}.Debug|x86.ActiveCfg = Debug|Any CPU
		{DF1688E4-FACF-4080-9955-6538D9D9BBB6}.Debug|x86.Build.0 = Debug|Any CPU
		{DF1688E4-FACF-4080-9955-6538D9D9BBB6}.Release|Any CPU.ActiveCfg = Release|Any CPU
		{DF1688E4-FACF-4080-9955-6538D9D9BBB6}.Release|Any CPU.Build.0 = Release|Any CPU
		{DF1688E4-FACF-4080-9955-6538D9D9BBB6}.Release|x64.ActiveCfg = Release|Any CPU
		{DF1688E4-FACF-4080-9955-6538D9D9BBB6}.Release|x64.Build.0 = Release|Any CPU
		{DF1688E4-FACF-4080-9955-6538D9D9BBB6}.Release|x86.ActiveCfg = Release|Any CPU
		{DF1688E4-FACF-4080-9955-6538D9D9BBB6}.Release|x86.Build.0 = Release|Any CPU
		{343EEAD0-DA77-48DB-9F3E-7F329643D136}.Debug|Any CPU.ActiveCfg = Debug|Any CPU
		{343EEAD0-DA77-48DB-9F3E-7F329643D136}.Debug|Any CPU.Build.0 = Debug|Any CPU
		{343EEAD0-DA77-48DB-9F3E-7F329643D136}.Debug|x64.ActiveCfg = Debug|Any CPU
		{343EEAD0-DA77-48DB-9F3E-7F329643D136}.Debug|x64.Build.0 = Debug|Any CPU
		{343EEAD0-DA77-48DB-9F3E-7F329643D136}.Debug|x86.ActiveCfg = Debug|Any CPU
		{343EEAD0-DA77-48DB-9F3E-7F329643D136}.Debug|x86.Build.0 = Debug|Any CPU
		{343EEAD0-DA77-48DB-9F3E-7F329643D136}.Release|Any CPU.ActiveCfg = Release|Any CPU
		{343EEAD0-DA77-48DB-9F3E-7F329643D136}.Release|Any CPU.Build.0 = Release|Any CPU
		{343EEAD0-DA77-48DB-9F3E-7F329643D136}.Release|x64.ActiveCfg = Release|Any CPU
		{343EEAD0-DA77-48DB-9F3E-7F329643D136}.Release|x64.Build.0 = Release|Any CPU
		{343EEAD0-DA77-48DB-9F3E-7F329643D136}.Release|x86.ActiveCfg = Release|Any CPU
		{343EEAD0-DA77-48DB-9F3E-7F329643D136}.Release|x86.Build.0 = Release|Any CPU
		{FA584F64-A01F-44C3-8756-DD5FDB2877F1}.Debug|Any CPU.ActiveCfg = Debug|Any CPU
		{FA584F64-A01F-44C3-8756-DD5FDB2877F1}.Debug|Any CPU.Build.0 = Debug|Any CPU
		{FA584F64-A01F-44C3-8756-DD5FDB2877F1}.Debug|x64.ActiveCfg = Debug|Any CPU
		{FA584F64-A01F-44C3-8756-DD5FDB2877F1}.Debug|x64.Build.0 = Debug|Any CPU
		{FA584F64-A01F-44C3-8756-DD5FDB2877F1}.Debug|x86.ActiveCfg = Debug|Any CPU
		{FA584F64-A01F-44C3-8756-DD5FDB2877F1}.Debug|x86.Build.0 = Debug|Any CPU
		{FA584F64-A01F-44C3-8756-DD5FDB2877F1}.Release|Any CPU.ActiveCfg = Release|Any CPU
		{FA584F64-A01F-44C3-8756-DD5FDB2877F1}.Release|Any CPU.Build.0 = Release|Any CPU
		{FA584F64-A01F-44C3-8756-DD5FDB2877F1}.Release|x64.ActiveCfg = Release|Any CPU
		{FA584F64-A01F-44C3-8756-DD5FDB2877F1}.Release|x64.Build.0 = Release|Any CPU
		{FA584F64-A01F-44C3-8756-DD5FDB2877F1}.Release|x86.ActiveCfg = Release|Any CPU
		{FA584F64-A01F-44C3-8756-DD5FDB2877F1}.Release|x86.Build.0 = Release|Any CPU
		{3DAB4AEB-735D-4DFD-84AB-E5D462E80F92}.Debug|Any CPU.ActiveCfg = Debug|Any CPU
		{3DAB4AEB-735D-4DFD-84AB-E5D462E80F92}.Debug|Any CPU.Build.0 = Debug|Any CPU
		{3DAB4AEB-735D-4DFD-84AB-E5D462E80F92}.Debug|x64.ActiveCfg = Debug|Any CPU
		{3DAB4AEB-735D-4DFD-84AB-E5D462E80F92}.Debug|x64.Build.0 = Debug|Any CPU
		{3DAB4AEB-735D-4DFD-84AB-E5D462E80F92}.Debug|x86.ActiveCfg = Debug|Any CPU
		{3DAB4AEB-735D-4DFD-84AB-E5D462E80F92}.Debug|x86.Build.0 = Debug|Any CPU
		{3DAB4AEB-735D-4DFD-84AB-E5D462E80F92}.Release|Any CPU.ActiveCfg = Release|Any CPU
		{3DAB4AEB-735D-4DFD-84AB-E5D462E80F92}.Release|Any CPU.Build.0 = Release|Any CPU
		{3DAB4AEB-735D-4DFD-84AB-E5D462E80F92}.Release|x64.ActiveCfg = Release|Any CPU
		{3DAB4AEB-735D-4DFD-84AB-E5D462E80F92}.Release|x64.Build.0 = Release|Any CPU
		{3DAB4AEB-735D-4DFD-84AB-E5D462E80F92}.Release|x86.ActiveCfg = Release|Any CPU
		{3DAB4AEB-735D-4DFD-84AB-E5D462E80F92}.Release|x86.Build.0 = Release|Any CPU
		{4369BFEC-2728-44FB-947F-95CE22DDC653}.Debug|Any CPU.ActiveCfg = Debug|Any CPU
		{4369BFEC-2728-44FB-947F-95CE22DDC653}.Debug|Any CPU.Build.0 = Debug|Any CPU
		{4369BFEC-2728-44FB-947F-95CE22DDC653}.Debug|x64.ActiveCfg = Debug|Any CPU
		{4369BFEC-2728-44FB-947F-95CE22DDC653}.Debug|x64.Build.0 = Debug|Any CPU
		{4369BFEC-2728-44FB-947F-95CE22DDC653}.Debug|x86.ActiveCfg = Debug|Any CPU
		{4369BFEC-2728-44FB-947F-95CE22DDC653}.Debug|x86.Build.0 = Debug|Any CPU
		{4369BFEC-2728-44FB-947F-95CE22DDC653}.Release|Any CPU.ActiveCfg = Release|Any CPU
		{4369BFEC-2728-44FB-947F-95CE22DDC653}.Release|Any CPU.Build.0 = Release|Any CPU
		{4369BFEC-2728-44FB-947F-95CE22DDC653}.Release|x64.ActiveCfg = Release|Any CPU
		{4369BFEC-2728-44FB-947F-95CE22DDC653}.Release|x64.Build.0 = Release|Any CPU
		{4369BFEC-2728-44FB-947F-95CE22DDC653}.Release|x86.ActiveCfg = Release|Any CPU
		{4369BFEC-2728-44FB-947F-95CE22DDC653}.Release|x86.Build.0 = Release|Any CPU
		{8EF4A77E-B5AC-48A9-A175-E2267367E8BB}.Debug|Any CPU.ActiveCfg = Debug|Any CPU
		{8EF4A77E-B5AC-48A9-A175-E2267367E8BB}.Debug|Any CPU.Build.0 = Debug|Any CPU
		{8EF4A77E-B5AC-48A9-A175-E2267367E8BB}.Debug|x64.ActiveCfg = Debug|Any CPU
		{8EF4A77E-B5AC-48A9-A175-E2267367E8BB}.Debug|x64.Build.0 = Debug|Any CPU
		{8EF4A77E-B5AC-48A9-A175-E2267367E8BB}.Debug|x86.ActiveCfg = Debug|Any CPU
		{8EF4A77E-B5AC-48A9-A175-E2267367E8BB}.Debug|x86.Build.0 = Debug|Any CPU
		{8EF4A77E-B5AC-48A9-A175-E2267367E8BB}.Release|Any CPU.ActiveCfg = Release|Any CPU
		{8EF4A77E-B5AC-48A9-A175-E2267367E8BB}.Release|Any CPU.Build.0 = Release|Any CPU
		{8EF4A77E-B5AC-48A9-A175-E2267367E8BB}.Release|x64.ActiveCfg = Release|Any CPU
		{8EF4A77E-B5AC-48A9-A175-E2267367E8BB}.Release|x64.Build.0 = Release|Any CPU
		{8EF4A77E-B5AC-48A9-A175-E2267367E8BB}.Release|x86.ActiveCfg = Release|Any CPU
		{8EF4A77E-B5AC-48A9-A175-E2267367E8BB}.Release|x86.Build.0 = Release|Any CPU
		{C6F92324-3246-4929-AA5C-6E93F944B684}.Debug|Any CPU.ActiveCfg = Debug|Any CPU
		{C6F92324-3246-4929-AA5C-6E93F944B684}.Debug|Any CPU.Build.0 = Debug|Any CPU
		{C6F92324-3246-4929-AA5C-6E93F944B684}.Debug|x64.ActiveCfg = Debug|Any CPU
		{C6F92324-3246-4929-AA5C-6E93F944B684}.Debug|x64.Build.0 = Debug|Any CPU
		{C6F92324-3246-4929-AA5C-6E93F944B684}.Debug|x86.ActiveCfg = Debug|Any CPU
		{C6F92324-3246-4929-AA5C-6E93F944B684}.Debug|x86.Build.0 = Debug|Any CPU
		{C6F92324-3246-4929-AA5C-6E93F944B684}.Release|Any CPU.ActiveCfg = Release|Any CPU
		{C6F92324-3246-4929-AA5C-6E93F944B684}.Release|Any CPU.Build.0 = Release|Any CPU
		{C6F92324-3246-4929-AA5C-6E93F944B684}.Release|x64.ActiveCfg = Release|Any CPU
		{C6F92324-3246-4929-AA5C-6E93F944B684}.Release|x64.Build.0 = Release|Any CPU
		{C6F92324-3246-4929-AA5C-6E93F944B684}.Release|x86.ActiveCfg = Release|Any CPU
		{C6F92324-3246-4929-AA5C-6E93F944B684}.Release|x86.Build.0 = Release|Any CPU
		{1CCD53A3-8FCC-4AE4-A3A5-833777D0D0FB}.Debug|Any CPU.ActiveCfg = Debug|Any CPU
		{1CCD53A3-8FCC-4AE4-A3A5-833777D0D0FB}.Debug|Any CPU.Build.0 = Debug|Any CPU
		{1CCD53A3-8FCC-4AE4-A3A5-833777D0D0FB}.Debug|x64.ActiveCfg = Debug|Any CPU
		{1CCD53A3-8FCC-4AE4-A3A5-833777D0D0FB}.Debug|x64.Build.0 = Debug|Any CPU
		{1CCD53A3-8FCC-4AE4-A3A5-833777D0D0FB}.Debug|x86.ActiveCfg = Debug|Any CPU
		{1CCD53A3-8FCC-4AE4-A3A5-833777D0D0FB}.Debug|x86.Build.0 = Debug|Any CPU
		{1CCD53A3-8FCC-4AE4-A3A5-833777D0D0FB}.Release|Any CPU.ActiveCfg = Release|Any CPU
		{1CCD53A3-8FCC-4AE4-A3A5-833777D0D0FB}.Release|Any CPU.Build.0 = Release|Any CPU
		{1CCD53A3-8FCC-4AE4-A3A5-833777D0D0FB}.Release|x64.ActiveCfg = Release|Any CPU
		{1CCD53A3-8FCC-4AE4-A3A5-833777D0D0FB}.Release|x64.Build.0 = Release|Any CPU
		{1CCD53A3-8FCC-4AE4-A3A5-833777D0D0FB}.Release|x86.ActiveCfg = Release|Any CPU
		{1CCD53A3-8FCC-4AE4-A3A5-833777D0D0FB}.Release|x86.Build.0 = Release|Any CPU
		{4487F5AB-1FE4-4CA4-8620-D6E12374491F}.Debug|Any CPU.ActiveCfg = Debug|Any CPU
		{4487F5AB-1FE4-4CA4-8620-D6E12374491F}.Debug|Any CPU.Build.0 = Debug|Any CPU
		{4487F5AB-1FE4-4CA4-8620-D6E12374491F}.Debug|x64.ActiveCfg = Debug|Any CPU
		{4487F5AB-1FE4-4CA4-8620-D6E12374491F}.Debug|x64.Build.0 = Debug|Any CPU
		{4487F5AB-1FE4-4CA4-8620-D6E12374491F}.Debug|x86.ActiveCfg = Debug|Any CPU
		{4487F5AB-1FE4-4CA4-8620-D6E12374491F}.Debug|x86.Build.0 = Debug|Any CPU
		{4487F5AB-1FE4-4CA4-8620-D6E12374491F}.Release|Any CPU.ActiveCfg = Release|Any CPU
		{4487F5AB-1FE4-4CA4-8620-D6E12374491F}.Release|Any CPU.Build.0 = Release|Any CPU
		{4487F5AB-1FE4-4CA4-8620-D6E12374491F}.Release|x64.ActiveCfg = Release|Any CPU
		{4487F5AB-1FE4-4CA4-8620-D6E12374491F}.Release|x64.Build.0 = Release|Any CPU
		{4487F5AB-1FE4-4CA4-8620-D6E12374491F}.Release|x86.ActiveCfg = Release|Any CPU
		{4487F5AB-1FE4-4CA4-8620-D6E12374491F}.Release|x86.Build.0 = Release|Any CPU
		{B86B7A0C-903D-4868-A442-706C7A499EAA}.Debug|Any CPU.ActiveCfg = Debug|Any CPU
		{B86B7A0C-903D-4868-A442-706C7A499EAA}.Debug|Any CPU.Build.0 = Debug|Any CPU
		{B86B7A0C-903D-4868-A442-706C7A499EAA}.Debug|x64.ActiveCfg = Debug|Any CPU
		{B86B7A0C-903D-4868-A442-706C7A499EAA}.Debug|x64.Build.0 = Debug|Any CPU
		{B86B7A0C-903D-4868-A442-706C7A499EAA}.Debug|x86.ActiveCfg = Debug|Any CPU
		{B86B7A0C-903D-4868-A442-706C7A499EAA}.Debug|x86.Build.0 = Debug|Any CPU
		{B86B7A0C-903D-4868-A442-706C7A499EAA}.Release|Any CPU.ActiveCfg = Release|Any CPU
		{B86B7A0C-903D-4868-A442-706C7A499EAA}.Release|Any CPU.Build.0 = Release|Any CPU
		{B86B7A0C-903D-4868-A442-706C7A499EAA}.Release|x64.ActiveCfg = Release|Any CPU
		{B86B7A0C-903D-4868-A442-706C7A499EAA}.Release|x64.Build.0 = Release|Any CPU
		{B86B7A0C-903D-4868-A442-706C7A499EAA}.Release|x86.ActiveCfg = Release|Any CPU
		{B86B7A0C-903D-4868-A442-706C7A499EAA}.Release|x86.Build.0 = Release|Any CPU
		{027926D8-243A-4689-877C-FD44392745FE}.Debug|Any CPU.ActiveCfg = Debug|Any CPU
		{027926D8-243A-4689-877C-FD44392745FE}.Debug|Any CPU.Build.0 = Debug|Any CPU
		{027926D8-243A-4689-877C-FD44392745FE}.Debug|x64.ActiveCfg = Debug|Any CPU
		{027926D8-243A-4689-877C-FD44392745FE}.Debug|x64.Build.0 = Debug|Any CPU
		{027926D8-243A-4689-877C-FD44392745FE}.Debug|x86.ActiveCfg = Debug|Any CPU
		{027926D8-243A-4689-877C-FD44392745FE}.Debug|x86.Build.0 = Debug|Any CPU
		{027926D8-243A-4689-877C-FD44392745FE}.Release|Any CPU.ActiveCfg = Release|Any CPU
		{027926D8-243A-4689-877C-FD44392745FE}.Release|Any CPU.Build.0 = Release|Any CPU
		{027926D8-243A-4689-877C-FD44392745FE}.Release|x64.ActiveCfg = Release|Any CPU
		{027926D8-243A-4689-877C-FD44392745FE}.Release|x64.Build.0 = Release|Any CPU
		{027926D8-243A-4689-877C-FD44392745FE}.Release|x86.ActiveCfg = Release|Any CPU
		{027926D8-243A-4689-877C-FD44392745FE}.Release|x86.Build.0 = Release|Any CPU
		{EC0CD966-E2B8-4C4D-8C92-A9CD2E23FEC4}.Debug|Any CPU.ActiveCfg = Debug|Any CPU
		{EC0CD966-E2B8-4C4D-8C92-A9CD2E23FEC4}.Debug|Any CPU.Build.0 = Debug|Any CPU
		{EC0CD966-E2B8-4C4D-8C92-A9CD2E23FEC4}.Debug|x64.ActiveCfg = Debug|Any CPU
		{EC0CD966-E2B8-4C4D-8C92-A9CD2E23FEC4}.Debug|x64.Build.0 = Debug|Any CPU
		{EC0CD966-E2B8-4C4D-8C92-A9CD2E23FEC4}.Debug|x86.ActiveCfg = Debug|Any CPU
		{EC0CD966-E2B8-4C4D-8C92-A9CD2E23FEC4}.Debug|x86.Build.0 = Debug|Any CPU
		{EC0CD966-E2B8-4C4D-8C92-A9CD2E23FEC4}.Release|Any CPU.ActiveCfg = Release|Any CPU
		{EC0CD966-E2B8-4C4D-8C92-A9CD2E23FEC4}.Release|Any CPU.Build.0 = Release|Any CPU
		{EC0CD966-E2B8-4C4D-8C92-A9CD2E23FEC4}.Release|x64.ActiveCfg = Release|Any CPU
		{EC0CD966-E2B8-4C4D-8C92-A9CD2E23FEC4}.Release|x64.Build.0 = Release|Any CPU
		{EC0CD966-E2B8-4C4D-8C92-A9CD2E23FEC4}.Release|x86.ActiveCfg = Release|Any CPU
		{EC0CD966-E2B8-4C4D-8C92-A9CD2E23FEC4}.Release|x86.Build.0 = Release|Any CPU
		{D8C6DCD9-E59F-4E0E-B78C-2B91F6385DA3}.Debug|Any CPU.ActiveCfg = Debug|Any CPU
		{D8C6DCD9-E59F-4E0E-B78C-2B91F6385DA3}.Debug|Any CPU.Build.0 = Debug|Any CPU
		{D8C6DCD9-E59F-4E0E-B78C-2B91F6385DA3}.Debug|x64.ActiveCfg = Debug|Any CPU
		{D8C6DCD9-E59F-4E0E-B78C-2B91F6385DA3}.Debug|x64.Build.0 = Debug|Any CPU
		{D8C6DCD9-E59F-4E0E-B78C-2B91F6385DA3}.Debug|x86.ActiveCfg = Debug|Any CPU
		{D8C6DCD9-E59F-4E0E-B78C-2B91F6385DA3}.Debug|x86.Build.0 = Debug|Any CPU
		{D8C6DCD9-E59F-4E0E-B78C-2B91F6385DA3}.Release|Any CPU.ActiveCfg = Release|Any CPU
		{D8C6DCD9-E59F-4E0E-B78C-2B91F6385DA3}.Release|Any CPU.Build.0 = Release|Any CPU
		{D8C6DCD9-E59F-4E0E-B78C-2B91F6385DA3}.Release|x64.ActiveCfg = Release|Any CPU
		{D8C6DCD9-E59F-4E0E-B78C-2B91F6385DA3}.Release|x64.Build.0 = Release|Any CPU
		{D8C6DCD9-E59F-4E0E-B78C-2B91F6385DA3}.Release|x86.ActiveCfg = Release|Any CPU
		{D8C6DCD9-E59F-4E0E-B78C-2B91F6385DA3}.Release|x86.Build.0 = Release|Any CPU
		{A4E508DB-E072-41E9-BA29-D1D212392B65}.Debug|Any CPU.ActiveCfg = Debug|Any CPU
		{A4E508DB-E072-41E9-BA29-D1D212392B65}.Debug|Any CPU.Build.0 = Debug|Any CPU
		{A4E508DB-E072-41E9-BA29-D1D212392B65}.Debug|x64.ActiveCfg = Debug|Any CPU
		{A4E508DB-E072-41E9-BA29-D1D212392B65}.Debug|x64.Build.0 = Debug|Any CPU
		{A4E508DB-E072-41E9-BA29-D1D212392B65}.Debug|x86.ActiveCfg = Debug|Any CPU
		{A4E508DB-E072-41E9-BA29-D1D212392B65}.Debug|x86.Build.0 = Debug|Any CPU
		{A4E508DB-E072-41E9-BA29-D1D212392B65}.Release|Any CPU.ActiveCfg = Release|Any CPU
		{A4E508DB-E072-41E9-BA29-D1D212392B65}.Release|Any CPU.Build.0 = Release|Any CPU
		{A4E508DB-E072-41E9-BA29-D1D212392B65}.Release|x64.ActiveCfg = Release|Any CPU
		{A4E508DB-E072-41E9-BA29-D1D212392B65}.Release|x64.Build.0 = Release|Any CPU
		{A4E508DB-E072-41E9-BA29-D1D212392B65}.Release|x86.ActiveCfg = Release|Any CPU
		{A4E508DB-E072-41E9-BA29-D1D212392B65}.Release|x86.Build.0 = Release|Any CPU
		{17FED526-3753-40A9-A11B-6DCFFBF791A1}.Debug|Any CPU.ActiveCfg = Debug|Any CPU
		{17FED526-3753-40A9-A11B-6DCFFBF791A1}.Debug|Any CPU.Build.0 = Debug|Any CPU
		{17FED526-3753-40A9-A11B-6DCFFBF791A1}.Debug|x64.ActiveCfg = Debug|Any CPU
		{17FED526-3753-40A9-A11B-6DCFFBF791A1}.Debug|x64.Build.0 = Debug|Any CPU
		{17FED526-3753-40A9-A11B-6DCFFBF791A1}.Debug|x86.ActiveCfg = Debug|Any CPU
		{17FED526-3753-40A9-A11B-6DCFFBF791A1}.Debug|x86.Build.0 = Debug|Any CPU
		{17FED526-3753-40A9-A11B-6DCFFBF791A1}.Release|Any CPU.ActiveCfg = Release|Any CPU
		{17FED526-3753-40A9-A11B-6DCFFBF791A1}.Release|Any CPU.Build.0 = Release|Any CPU
		{17FED526-3753-40A9-A11B-6DCFFBF791A1}.Release|x64.ActiveCfg = Release|Any CPU
		{17FED526-3753-40A9-A11B-6DCFFBF791A1}.Release|x64.Build.0 = Release|Any CPU
		{17FED526-3753-40A9-A11B-6DCFFBF791A1}.Release|x86.ActiveCfg = Release|Any CPU
		{17FED526-3753-40A9-A11B-6DCFFBF791A1}.Release|x86.Build.0 = Release|Any CPU
		{CF7130E9-EC26-4D46-8DB5-02CF7FB5ECD1}.Debug|Any CPU.ActiveCfg = Debug|Any CPU
		{CF7130E9-EC26-4D46-8DB5-02CF7FB5ECD1}.Debug|Any CPU.Build.0 = Debug|Any CPU
		{CF7130E9-EC26-4D46-8DB5-02CF7FB5ECD1}.Debug|x64.ActiveCfg = Debug|Any CPU
		{CF7130E9-EC26-4D46-8DB5-02CF7FB5ECD1}.Debug|x64.Build.0 = Debug|Any CPU
		{CF7130E9-EC26-4D46-8DB5-02CF7FB5ECD1}.Debug|x86.ActiveCfg = Debug|Any CPU
		{CF7130E9-EC26-4D46-8DB5-02CF7FB5ECD1}.Debug|x86.Build.0 = Debug|Any CPU
		{CF7130E9-EC26-4D46-8DB5-02CF7FB5ECD1}.Release|Any CPU.ActiveCfg = Release|Any CPU
		{CF7130E9-EC26-4D46-8DB5-02CF7FB5ECD1}.Release|Any CPU.Build.0 = Release|Any CPU
		{CF7130E9-EC26-4D46-8DB5-02CF7FB5ECD1}.Release|x64.ActiveCfg = Release|Any CPU
		{CF7130E9-EC26-4D46-8DB5-02CF7FB5ECD1}.Release|x64.Build.0 = Release|Any CPU
		{CF7130E9-EC26-4D46-8DB5-02CF7FB5ECD1}.Release|x86.ActiveCfg = Release|Any CPU
		{CF7130E9-EC26-4D46-8DB5-02CF7FB5ECD1}.Release|x86.Build.0 = Release|Any CPU
		{A774D102-C1AB-4625-ADDC-40D240AC4C0E}.Debug|Any CPU.ActiveCfg = Debug|Any CPU
		{A774D102-C1AB-4625-ADDC-40D240AC4C0E}.Debug|Any CPU.Build.0 = Debug|Any CPU
		{A774D102-C1AB-4625-ADDC-40D240AC4C0E}.Debug|x64.ActiveCfg = Debug|Any CPU
		{A774D102-C1AB-4625-ADDC-40D240AC4C0E}.Debug|x64.Build.0 = Debug|Any CPU
		{A774D102-C1AB-4625-ADDC-40D240AC4C0E}.Debug|x86.ActiveCfg = Debug|Any CPU
		{A774D102-C1AB-4625-ADDC-40D240AC4C0E}.Debug|x86.Build.0 = Debug|Any CPU
		{A774D102-C1AB-4625-ADDC-40D240AC4C0E}.Release|Any CPU.ActiveCfg = Release|Any CPU
		{A774D102-C1AB-4625-ADDC-40D240AC4C0E}.Release|Any CPU.Build.0 = Release|Any CPU
		{A774D102-C1AB-4625-ADDC-40D240AC4C0E}.Release|x64.ActiveCfg = Release|Any CPU
		{A774D102-C1AB-4625-ADDC-40D240AC4C0E}.Release|x64.Build.0 = Release|Any CPU
		{A774D102-C1AB-4625-ADDC-40D240AC4C0E}.Release|x86.ActiveCfg = Release|Any CPU
		{A774D102-C1AB-4625-ADDC-40D240AC4C0E}.Release|x86.Build.0 = Release|Any CPU
		{F41226E6-4B86-4CD8-B378-D5D0CB3EB7CF}.Debug|Any CPU.ActiveCfg = Debug|Any CPU
		{F41226E6-4B86-4CD8-B378-D5D0CB3EB7CF}.Debug|Any CPU.Build.0 = Debug|Any CPU
		{F41226E6-4B86-4CD8-B378-D5D0CB3EB7CF}.Debug|x64.ActiveCfg = Debug|Any CPU
		{F41226E6-4B86-4CD8-B378-D5D0CB3EB7CF}.Debug|x64.Build.0 = Debug|Any CPU
		{F41226E6-4B86-4CD8-B378-D5D0CB3EB7CF}.Debug|x86.ActiveCfg = Debug|Any CPU
		{F41226E6-4B86-4CD8-B378-D5D0CB3EB7CF}.Debug|x86.Build.0 = Debug|Any CPU
		{F41226E6-4B86-4CD8-B378-D5D0CB3EB7CF}.Release|Any CPU.ActiveCfg = Release|Any CPU
		{F41226E6-4B86-4CD8-B378-D5D0CB3EB7CF}.Release|Any CPU.Build.0 = Release|Any CPU
		{F41226E6-4B86-4CD8-B378-D5D0CB3EB7CF}.Release|x64.ActiveCfg = Release|Any CPU
		{F41226E6-4B86-4CD8-B378-D5D0CB3EB7CF}.Release|x64.Build.0 = Release|Any CPU
		{F41226E6-4B86-4CD8-B378-D5D0CB3EB7CF}.Release|x86.ActiveCfg = Release|Any CPU
		{F41226E6-4B86-4CD8-B378-D5D0CB3EB7CF}.Release|x86.Build.0 = Release|Any CPU
		{FB6C2FF9-F62A-4FB9-96DD-934BAA62B71B}.Debug|Any CPU.ActiveCfg = Debug|Any CPU
		{FB6C2FF9-F62A-4FB9-96DD-934BAA62B71B}.Debug|Any CPU.Build.0 = Debug|Any CPU
		{FB6C2FF9-F62A-4FB9-96DD-934BAA62B71B}.Debug|x64.ActiveCfg = Debug|Any CPU
		{FB6C2FF9-F62A-4FB9-96DD-934BAA62B71B}.Debug|x64.Build.0 = Debug|Any CPU
		{FB6C2FF9-F62A-4FB9-96DD-934BAA62B71B}.Debug|x86.ActiveCfg = Debug|Any CPU
		{FB6C2FF9-F62A-4FB9-96DD-934BAA62B71B}.Debug|x86.Build.0 = Debug|Any CPU
		{FB6C2FF9-F62A-4FB9-96DD-934BAA62B71B}.Release|Any CPU.ActiveCfg = Release|Any CPU
		{FB6C2FF9-F62A-4FB9-96DD-934BAA62B71B}.Release|Any CPU.Build.0 = Release|Any CPU
		{FB6C2FF9-F62A-4FB9-96DD-934BAA62B71B}.Release|x64.ActiveCfg = Release|Any CPU
		{FB6C2FF9-F62A-4FB9-96DD-934BAA62B71B}.Release|x64.Build.0 = Release|Any CPU
		{FB6C2FF9-F62A-4FB9-96DD-934BAA62B71B}.Release|x86.ActiveCfg = Release|Any CPU
		{FB6C2FF9-F62A-4FB9-96DD-934BAA62B71B}.Release|x86.Build.0 = Release|Any CPU
	EndGlobalSection
	GlobalSection(SolutionProperties) = preSolution
		HideSolutionNode = FALSE
	EndGlobalSection
EndGlobal
